PODS:
  - SFCloudMusicFunctionKit (0.1.0)

DEPENDENCIES:
  - SFCloudMusicFunctionKit (from `../`)

EXTERNAL SOURCES:
  SFCloudMusicFunctionKit:
    :path: "../"

SPEC CHECKSUMS:
  SFCloudMusicFunctionKit: d78c5b5702705c874b9755c7f40302becf81ccf4

PODFILE CHECKSUM: 5a9b5f795e9cb26d4b858ff98513ff42719f4fd8

COCOAPODS: 1.8.4
